
Microsoft Visual Studio Solution File, Format Version 12.00
# Visual Studio Version 17
VisualStudioVersion = 17.4.33103.184
MinimumVisualStudioVersion = 10.0.40219.1
Project("{FAE04EC0-301F-11D3-BF4B-00C04F79EFBC}") = "OP7", "OP7\OP7.csproj", "{EE7E86C0-0EE9-4E5C-B327-DB4DD01FFF89}"
EndProject
Global
	GlobalSection(SolutionConfigurationPlatforms) = preSolution
		Debug|Any CPU = Debug|Any CPU
		Release|Any CPU = Release|Any CPU
	EndGlobalSection
	GlobalSection(ProjectConfigurationPlatforms) = postSolution
		{EE7E86C0-0EE9-4E5C-B327-DB4DD01FFF89}.Debug|Any CPU.ActiveCfg = Debug|Any CPU
		{EE7E86C0-0EE9-4E5C-B327-DB4DD01FFF89}.Debug|Any CPU.Build.0 = Debug|Any CPU
		{EE7E86C0-0EE9-4E5C-B327-DB4DD01FFF89}.Release|Any CPU.ActiveCfg = Release|Any CPU
		{EE7E86C0-0EE9-4E5C-B327-DB4DD01FFF89}.Release|Any CPU.Build.0 = Release|Any CPU
	EndGlobalSection
	GlobalSection(SolutionProperties) = preSolution
		HideSolutionNode = FALSE
	EndGlobalSection
	GlobalSection(ExtensibilityGlobals) = postSolution
		SolutionGuid = {C508917A-3090-464A-AAEE-1FF0787F74DA}
	EndGlobalSection
EndGlobal
